# This file is automatically @generated by Cargo.
# It is not intended for manual editing.
version = 4

[[package]]
name = "anagram_checker"
version = "0.1.0"

[[package]]
name = "async_rss_reader"
version = "0.1.0"

[[package]]
name = "backup_daemon"
version = "0.1.0"

[[package]]
name = "base64_tool"
version = "0.1.0"

[[package]]
name = "bmi_logger"
version = "0.1.0"

[[package]]
name = "calendar_cli"
version = "0.1.0"

[[package]]
name = "cli_calculator"
version = "0.1.0"

[[package]]
name = "cli_stopwatch"
version = "0.1.0"

[[package]]
name = "cli_todo"
version = "0.1.0"

[[package]]
name = "config_parser"
version = "0.1.0"

[[package]]
name = "container_runtime"
version = "0.1.0"

[[package]]
name = "crypto_tool"
version = "0.1.0"

[[package]]
name = "csv_parser"
version = "0.1.0"

[[package]]
name = "dice_simulator"
version = "0.1.0"

[[package]]
name = "file_lister"
version = "0.1.0"

[[package]]
name = "fizzbuzz"
version = "0.1.0"

[[package]]
name = "grade_calculator"
version = "0.1.0"

[[package]]
name = "grep_clone"
version = "0.1.0"

[[package]]
name = "guessing_game"
version = "0.1.0"

[[package]]
name = "http_api"
version = "0.1.0"

[[package]]
name = "http_proxy"
version = "0.1.0"

[[package]]
name = "json_formatter"
version = "0.1.0"

[[package]]
name = "kv_store"
version = "0.1.0"

[[package]]
name = "lab"
version = "0.1.0"

[[package]]
name = "lang_interpreter"
version = "0.1.0"

[[package]]
name = "lisp_interpreter"
version = "0.1.0"

[[package]]
name = "markdown_viewer"
version = "0.1.0"

[[package]]
name = "mini_rdbms"
version = "0.1.0"

[[package]]
name = "morse_converter"
version = "0.1.0"

[[package]]
name = "multiplication_table"
version = "0.1.0"

[[package]]
name = "p2p_node"
version = "0.1.0"

[[package]]
name = "packet_sniffer"
version = "0.1.0"

[[package]]
name = "parallel_resizer"
version = "0.1.0"

[[package]]
name = "password_generator"
version = "0.1.0"

[[package]]
name = "pomodoro_timer"
version = "0.1.0"

[[package]]
name = "port_scanner"
version = "0.1.0"

[[package]]
name = "rate_limiter"
version = "0.1.0"

[[package]]
name = "snake_game"
version = "0.1.0"

[[package]]
name = "sqlite_address_book"
version = "0.1.0"

[[package]]
name = "string_reverser"
version = "0.1.0"

[[package]]
name = "tcp_chat"
version = "0.1.0"

[[package]]
name = "temp_converter"
version = "0.1.0"

[[package]]
name = "text_counter"
version = "0.1.0"

[[package]]
name = "tui_file_manager"
version = "0.1.0"

[[package]]
name = "tui_notepad"
version = "0.1.0"

[[package]]
name = "unit_converter"
version = "0.1.0"

[[package]]
name = "url_shortener"
version = "0.1.0"

[[package]]
name = "virtual_machine"
version = "0.1.0"

[[package]]
name = "weather_cli"
version = "0.1.0"

[[package]]
name = "web_router"
version = "0.1.0"

[[package]]
name = "web_scraper"
version = "0.1.0"
